// !$*UTF8*$!
{
	archiveVersion = 1;
	classes = {
	};
	objectVersion = 77;
	objects = {

/* Begin PBXBuildFile section */
		BA10A0B22E984F7F00E0196E /* FirebaseAnalytics in Frameworks */ = {isa = PBXBuildFile; productRef = BA10A0B12E984F7F00E0196E /* FirebaseAnalytics */; };
		BA10A0B42E984F7F00E0196E /* FirebaseAuth in Frameworks */ = {isa = PBXBuildFile; productRef = BA10A0B32E984F7F00E0196E /* FirebaseAuth */; };
		BA10A0BA2E984F7F00E0196E /* FirebaseCrashlytics in Frameworks */ = {isa = PBXBuildFile; productRef = BA10A0B92E984F7F00E0196E /* FirebaseCrashlytics */; };
		BA10A0BC2E984F7F00E0196E /* FirebaseFirestore in Frameworks */ = {isa = PBXBuildFile; productRef = BA10A0BB2E984F7F00E0196E /* FirebaseFirestore */; };
		BA10A0BE2E984F7F00E0196E /* FirebaseRemoteConfig in Frameworks */ = {isa = PBXBuildFile; productRef = BA10A0BD2E984F7F00E0196E /* FirebaseRemoteConfig */; };
		BA10A0C02E984F7F00E0196E /* FirebaseStorage in Frameworks */ = {isa = PBXBuildFile; productRef = BA10A0BF2E984F7F00E0196E /* FirebaseStorage */; };
		BAD98B652E984FFF00C0D174 /* GoogleSignIn in Frameworks */ = {isa = PBXBuildFile; productRef = BAD98B642E984FFF00C0D174 /* GoogleSignIn */; };
/* End PBXBuildFile section */

/* Begin PBXContainerItemProxy section */
		BA109D672E946C3A00E0196E /* PBXContainerItemProxy */ = {
			isa = PBXContainerItemProxy;
			containerPortal = BA109D4E2E946C3800E0196E /* Project object */;
			proxyType = 1;
			remoteGlobalIDString = BA109D552E946C3800E0196E;
			remoteInfo = Featur;
		};
		BA109D712E946C3A00E0196E /* PBXContainerItemProxy */ = {
			isa = PBXContainerItemProxy;
			containerPortal = BA109D4E2E946C3800E0196E /* Project object */;
			proxyType = 1;
			remoteGlobalIDString = BA109D552E946C3800E0196E;
			remoteInfo = Featur;
		};
/* End PBXContainerItemProxy section */

/* Begin PBXFileReference section */
		BA109D562E946C3800E0196E /* Featur.app */ = {isa = PBXFileReference; explicitFileType = wrapper.application; includeInIndex = 0; path = Featur.app; sourceTree = BUILT_PRODUCTS_DIR; };
		BA109D662E946C3A00E0196E /* FeaturTests.xctest */ = {isa = PBXFileReference; explicitFileType = wrapper.cfbundle; includeInIndex = 0; path = FeaturTests.xctest; sourceTree = BUILT_PRODUCTS_DIR; };
		BA109D702E946C3A00E0196E /* FeaturUITests.xctest */ = {isa = PBXFileReference; explicitFileType = wrapper.cfbundle; includeInIndex = 0; path = FeaturUITests.xctest; sourceTree = BUILT_PRODUCTS_DIR; };
/* End PBXFileReference section */

/* Begin PBXFileSystemSynchronizedRootGroup section */
		BA109D582E946C3800E0196E /* Featur */ = {
			isa = PBXFileSystemSynchronizedRootGroup;
			path = Featur;
			sourceTree = "<group>";
		};
		BA109D692E946C3A00E0196E /* FeaturTests */ = {
			isa = PBXFileSystemSynchronizedRootGroup;
			path = FeaturTests;
			sourceTree = "<group>";
		};
		BA109D732E946C3A00E0196E /* FeaturUITests */ = {
			isa = PBXFileSystemSynchronizedRootGroup;
			path = FeaturUITests;
			sourceTree = "<group>";
		};
/* End PBXFileSystemSynchronizedRootGroup section */

/* Begin PBXFrameworksBuildPhase section */
		BA109D532E946C3800E0196E /* Frameworks */ = {
			isa = PBXFrameworksBuildPhase;
			buildActionMask = 2147483647;
			files = (
				BA10A0BE2E984F7F00E0196E /* FirebaseRemoteConfig in Frameworks */,
				BA10A0C02E984F7F00E0196E /* FirebaseStorage in Frameworks */,
				BA10A0B22E984F7F00E0196E /* FirebaseAnalytics in Frameworks */,
				BA10A0BA2E984F7F00E0196E /* FirebaseCrashlytics in Frameworks */,
				BA10A0B42E984F7F00E0196E /* FirebaseAuth in Frameworks */,
				BA10A0BC2E984F7F00E0196E /* FirebaseFirestore in Frameworks */,
				BAD98B652E984FFF00C0D174 /* GoogleSignIn in Frameworks */,
			);
			runOnlyForDeploymentPostprocessing = 0;
		};
		BA109D632E946C3A00E0196E /* Frameworks */ = {
			isa = PBXFrameworksBuildPhase;
			buildActionMask = 2147483647;
			files = (
			);
			runOnlyForDeploymentPostprocessing = 0;
		};
		BA109D6D2E946C3A00E0196E /* Frameworks */ = {
			isa = PBXFrameworksBuildPhase;
			buildActionMask = 2147483647;
			files = (
			);
			runOnlyForDeploymentPostprocessing = 0;
		};
/* End PBXFrameworksBuildPhase section */

/* Begin PBXGroup section */
		BA109D4D2E946C3800E0196E = {
			isa = PBXGroup;
			children = (
				BA109D582E946C3800E0196E /* Featur */,
				BA109D692E946C3A00E0196E /* FeaturTests */,
				BA109D732E946C3A00E0196E /* FeaturUITests */,
				BA109D572E946C3800E0196E /* Products */,
			);
			sourceTree = "<group>";
		};
		BA109D572E946C3800E0196E /* Products */ = {
			isa = PBXGroup;
			children = (
				BA109D562E946C3800E0196E /* Featur.app */,
				BA109D662E946C3A00E0196E /* FeaturTests.xctest */,
				BA109D702E946C3A00E0196E /* FeaturUITests.xctest */,
			);
			name = Products;
			sourceTree = "<group>";
		};
/* End PBXGroup section */

/* Begin PBXNativeTarget section */
		BA109D552E946C3800E0196E /* Featur */ = {
			isa = PBXNativeTarget;
			buildConfigurationList = BA109D7A2E946C3A00E0196E /* Build configuration list for PBXNativeTarget "Featur" */;
			buildPhases = (
				BA109D522E946C3800E0196E /* Sources */,
				BA109D532E946C3800E0196E /* Frameworks */,
				BA109D542E946C3800E0196E /* Resources */,
			);
			buildRules = (
			);
			dependencies = (
			);
			fileSystemSynchronizedGroups = (
				BA109D582E946C3800E0196E /* Featur */,
			);
			name = Featur;
			packageProductDependencies = (
				BA10A0B12E984F7F00E0196E /* FirebaseAnalytics */,
				BA10A0B32E984F7F00E0196E /* FirebaseAuth */,
				BA10A0B92E984F7F00E0196E /* FirebaseCrashlytics */,
				BA10A0BB2E984F7F00E0196E /* FirebaseFirestore */,
				BA10A0BD2E984F7F00E0196E /* FirebaseRemoteConfig */,
				BA10A0BF2E984F7F00E0196E /* FirebaseStorage */,
				BAD98B642E984FFF00C0D174 /* GoogleSignIn */,
			);
			productName = Featur;
			productReference = BA109D562E946C3800E0196E /* Featur.app */;
			productType = "com.apple.product-type.application";
		};
		BA109D652E946C3A00E0196E /* FeaturTests */ = {
			isa = PBXNativeTarget;
			buildConfigurationList = BA109D7D2E946C3A00E0196E /* Build configuration list for PBXNativeTarget "FeaturTests" */;
			buildPhases = (
				BA109D622E946C3A00E0196E /* Sources */,
				BA109D632E946C3A00E0196E /* Frameworks */,
				BA109D642E946C3A00E0196E /* Resources */,
			);
			buildRules = (
			);
			dependencies = (
				BA109D682E946C3A00E0196E /* PBXTargetDependency */,
			);
			fileSystemSynchronizedGroups = (
				BA109D692E946C3A00E0196E /* FeaturTests */,
			);
			name = FeaturTests;
			packageProductDependencies = (
			);
			productName = FeaturTests;
			productReference = BA109D662E946C3A00E0196E /* FeaturTests.xctest */;
			productType = "com.apple.product-type.bundle.unit-test";
		};
		BA109D6F2E946C3A00E0196E /* FeaturUITests */ = {
			isa = PBXNativeTarget;
			buildConfigurationList = BA109D802E946C3A00E0196E /* Build configuration list for PBXNativeTarget "FeaturUITests" */;
			buildPhases = (
				BA109D6C2E946C3A00E0196E /* Sources */,
				BA109D6D2E946C3A00E0196E /* Frameworks */,
				BA109D6E2E946C3A00E0196E /* Resources */,
			);
			buildRules = (
			);
			dependencies = (
				BA109D722E946C3A00E0196E /* PBXTargetDependency */,
			);
			fileSystemSynchronizedGroups = (
				BA109D732E946C3A00E0196E /* FeaturUITests */,
			);
			name = FeaturUITests;
			packageProductDependencies = (
			);
			productName = FeaturUITests;
			productReference = BA109D702E946C3A00E0196E /* FeaturUITests.xctest */;
			productType = "com.apple.product-type.bundle.ui-testing";
		};
/* End PBXNativeTarget section */

/* Begin PBXProject section */
		BA109D4E2E946C3800E0196E /* Project object */ = {
			isa = PBXProject;
			attributes = {
				BuildIndependentTargetsInParallel = 1;
				LastSwiftUpdateCheck = 1620;
				LastUpgradeCheck = 1620;
				TargetAttributes = {
					BA109D552E946C3800E0196E = {
						CreatedOnToolsVersion = 16.2;
					};
					BA109D652E946C3A00E0196E = {
						CreatedOnToolsVersion = 16.2;
						TestTargetID = BA109D552E946C3800E0196E;
					};
					BA109D6F2E946C3A00E0196E = {
						CreatedOnToolsVersion = 16.2;
						TestTargetID = BA109D552E946C3800E0196E;
					};
				};
			};
			buildConfigurationList = BA109D512E946C3800E0196E /* Build configuration list for PBXProject "Featur" */;
			developmentRegion = en;
			hasScannedForEncodings = 0;
			knownRegions = (
				en,
				Base,
			);
			mainGroup = BA109D4D2E946C3800E0196E;
			minimizedProjectReferenceProxies = 1;
			packageReferences = (
				BA10A0B02E984F7F00E0196E /* XCRemoteSwiftPackageReference "firebase-ios-sdk" */,
				BAD98B632E984FFF00C0D174 /* XCRemoteSwiftPackageReference "GoogleSignIn-iOS" */,
			);
			preferredProjectObjectVersion = 77;
			productRefGroup = BA109D572E946C3800E0196E /* Products */;
			projectDirPath = "";
			projectRoot = "";
			targets = (
				BA109D552E946C3800E0196E /* Featur */,
				BA109D652E946C3A00E0196E /* FeaturTests */,
				BA109D6F2E946C3A00E0196E /* FeaturUITests */,
			);
		};
/* End PBXProject section */

/* Begin PBXResourcesBuildPhase section */
		BA109D542E946C3800E0196E /* Resources */ = {
			isa = PBXResourcesBuildPhase;
			buildActionMask = 2147483647;
			files = (
			);
			runOnlyForDeploymentPostprocessing = 0;
		};
		BA109D642E946C3A00E0196E /* Resources */ = {
			isa = PBXResourcesBuildPhase;
			buildActionMask = 2147483647;
			files = (
			);
			runOnlyForDeploymentPostprocessing = 0;
		};
		BA109D6E2E946C3A00E0196E /* Resources */ = {
			isa = PBXResourcesBuildPhase;
			buildActionMask = 2147483647;
			files = (
			);
			runOnlyForDeploymentPostprocessing = 0;
		};
/* End PBXResourcesBuildPhase section */

/* Begin PBXSourcesBuildPhase section */
		BA109D522E946C3800E0196E /* Sources */ = {
			isa = PBXSourcesBuildPhase;
			buildActionMask = 2147483647;
			files = (
			);
			runOnlyForDeploymentPostprocessing = 0;
		};
		BA109D622E946C3A00E0196E /* Sources */ = {
			isa = PBXSourcesBuildPhase;
			buildActionMask = 2147483647;
			files = (
			);
			runOnlyForDeploymentPostprocessing = 0;
		};
		BA109D6C2E946C3A00E0196E /* Sources */ = {
			isa = PBXSourcesBuildPhase;
			buildActionMask = 2147483647;
			files = (
			);
			runOnlyForDeploymentPostprocessing = 0;
		};
/* End PBXSourcesBuildPhase section */

/* Begin PBXTargetDependency section */
		BA109D682E946C3A00E0196E /* PBXTargetDependency */ = {
			isa = PBXTargetDependency;
			target = BA109D552E946C3800E0196E /* Featur */;
			targetProxy = BA109D672E946C3A00E0196E /* PBXContainerItemProxy */;
		};
		BA109D722E946C3A00E0196E /* PBXTargetDependency */ = {
			isa = PBXTargetDependency;
			target = BA109D552E946C3800E0196E /* Featur */;
			targetProxy = BA109D712E946C3A00E0196E /* PBXContainerItemProxy */;
		};
/* End PBXTargetDependency section */

/* Begin XCBuildConfiguration section */
		BA109D782E946C3A00E0196E /* Debug */ = {
			isa = XCBuildConfiguration;
			buildSettings = {
				ALWAYS_SEARCH_USER_PATHS = NO;
				ASSETCATALOG_COMPILER_GENERATE_SWIFT_ASSET_SYMBOL_EXTENSIONS = YES;
				CLANG_ANALYZER_NONNULL = YES;
				CLANG_ANALYZER_NUMBER_OBJECT_CONVERSION = YES_AGGRESSIVE;
				CLANG_CXX_LANGUAGE_STANDARD = "gnu++20";
				CLANG_ENABLE_MODULES = YES;
				CLANG_ENABLE_OBJC_ARC = YES;
				CLANG_ENABLE_OBJC_WEAK = YES;
				CLANG_WARN_BLOCK_CAPTURE_AUTORELEASING = YES;
				CLANG_WARN_BOOL_CONVERSION = YES;
				CLANG_WARN_COMMA = YES;
				CLANG_WARN_CONSTANT_CONVERSION = YES;
				CLANG_WARN_DEPRECATED_OBJC_IMPLEMENTATIONS = YES;
				CLANG_WARN_DIRECT_OBJC_ISA_USAGE = YES_ERROR;
				CLANG_WARN_DOCUMENTATION_COMMENTS = YES;
				CLANG_WARN_EMPTY_BODY = YES;
				CLANG_WARN_ENUM_CONVERSION = YES;
				CLANG_WARN_INFINITE_RECURSION = YES;
				CLANG_WARN_INT_CONVERSION = YES;
				CLANG_WARN_NON_LITERAL_NULL_CONVERSION = YES;
				CLANG_WARN_OBJC_IMPLICIT_RETAIN_SELF = YES;
				CLANG_WARN_OBJC_LITERAL_CONVERSION = YES;
				CLANG_WARN_OBJC_ROOT_CLASS = YES_ERROR;
				CLANG_WARN_QUOTED_INCLUDE_IN_FRAMEWORK_HEADER = YES;
				CLANG_WARN_RANGE_LOOP_ANALYSIS = YES;
				CLANG_WARN_STRICT_PROTOTYPES = YES;
				CLANG_WARN_SUSPICIOUS_MOVE = YES;
				CLANG_WARN_UNGUARDED_AVAILABILITY = YES_AGGRESSIVE;
				CLANG_WARN_UNREACHABLE_CODE = YES;
				CLANG_WARN__DUPLICATE_METHOD_MATCH = YES;
				COPY_PHASE_STRIP = NO;
				DEBUG_INFORMATION_FORMAT = dwarf;
				ENABLE_STRICT_OBJC_MSGSEND = YES;
				ENABLE_TESTABILITY = YES;
				ENABLE_USER_SCRIPT_SANDBOXING = YES;
				GCC_C_LANGUAGE_STANDARD = gnu17;
				GCC_DYNAMIC_NO_PIC = NO;
				GCC_NO_COMMON_BLOCKS = YES;
				GCC_OPTIMIZATION_LEVEL = 0;
				GCC_PREPROCESSOR_DEFINITIONS = (
					"DEBUG=1",
					"$(inherited)",
				);
				GCC_WARN_64_TO_32_BIT_CONVERSION = YES;
				GCC_WARN_ABOUT_RETURN_TYPE = YES_ERROR;
				GCC_WARN_UNDECLARED_SELECTOR = YES;
				GCC_WARN_UNINITIALIZED_AUTOS = YES_AGGRESSIVE;
				GCC_WARN_UNUSED_FUNCTION = YES;
				GCC_WARN_UNUSED_VARIABLE = YES;
				IPHONEOS_DEPLOYMENT_TARGET = 18.2;
				LOCALIZATION_PREFERS_STRING_CATALOGS = YES;
				MTL_ENABLE_DEBUG_INFO = INCLUDE_SOURCE;
				MTL_FAST_MATH = YES;
				ONLY_ACTIVE_ARCH = YES;
				SDKROOT = iphoneos;
				SWIFT_ACTIVE_COMPILATION_CONDITIONS = "DEBUG $(inherited)";
				SWIFT_OPTIMIZATION_LEVEL = "-Onone";
			};
			name = Debug;
		};
		BA109D792E946C3A00E0196E /* Release */ = {
			isa = XCBuildConfiguration;
			buildSettings = {
				ALWAYS_SEARCH_USER_PATHS = NO;
				ASSETCATALOG_COMPILER_GENERATE_SWIFT_ASSET_SYMBOL_EXTENSIONS = YES;
				CLANG_ANALYZER_NONNULL = YES;
				CLANG_ANALYZER_NUMBER_OBJECT_CONVERSION = YES_AGGRESSIVE;
				CLANG_CXX_LANGUAGE_STANDARD = "gnu++20";
				CLANG_ENABLE_MODULES = YES;
				CLANG_ENABLE_OBJC_ARC = YES;
				CLANG_ENABLE_OBJC_WEAK = YES;
				CLANG_WARN_BLOCK_CAPTURE_AUTORELEASING = YES;
				CLANG_WARN_BOOL_CONVERSION = YES;
				CLANG_WARN_COMMA = YES;
				CLANG_WARN_CONSTANT_CONVERSION = YES;
				CLANG_WARN_DEPRECATED_OBJC_IMPLEMENTATIONS = YES;
				CLANG_WARN_DIRECT_OBJC_ISA_USAGE = YES_ERROR;
				CLANG_WARN_DOCUMENTATION_COMMENTS = YES;
				CLANG_WARN_EMPTY_BODY = YES;
				CLANG_WARN_ENUM_CONVERSION = YES;
				CLANG_WARN_INFINITE_RECURSION = YES;
				CLANG_WARN_INT_CONVERSION = YES;
				CLANG_WARN_NON_LITERAL_NULL_CONVERSION = YES;
				CLANG_WARN_OBJC_IMPLICIT_RETAIN_SELF = YES;
				CLANG_WARN_OBJC_LITERAL_CONVERSION = YES;
				CLANG_WARN_OBJC_ROOT_CLASS = YES_ERROR;
				CLANG_WARN_QUOTED_INCLUDE_IN_FRAMEWORK_HEADER = YES;
				CLANG_WARN_RANGE_LOOP_ANALYSIS = YES;
				CLANG_WARN_STRICT_PROTOTYPES = YES;
				CLANG_WARN_SUSPICIOUS_MOVE = YES;
				CLANG_WARN_UNGUARDED_AVAILABILITY = YES_AGGRESSIVE;
				CLANG_WARN_UNREACHABLE_CODE = YES;
				CLANG_WARN__DUPLICATE_METHOD_MATCH = YES;
				COPY_PHASE_STRIP = NO;
				DEBUG_INFORMATION_FORMAT = "dwarf-with-dsym";
				ENABLE_NS_ASSERTIONS = NO;
				ENABLE_STRICT_OBJC_MSGSEND = YES;
				ENABLE_USER_SCRIPT_SANDBOXING = YES;
				GCC_C_LANGUAGE_STANDARD = gnu17;
				GCC_NO_COMMON_BLOCKS = YES;
				GCC_WARN_64_TO_32_BIT_CONVERSION = YES;
				GCC_WARN_ABOUT_RETURN_TYPE = YES_ERROR;
				GCC_WARN_UNDECLARED_SELECTOR = YES;
				GCC_WARN_UNINITIALIZED_AUTOS = YES_AGGRESSIVE;
				GCC_WARN_UNUSED_FUNCTION = YES;
				GCC_WARN_UNUSED_VARIABLE = YES;
				IPHONEOS_DEPLOYMENT_TARGET = 18.2;
				LOCALIZATION_PREFERS_STRING_CATALOGS = YES;
				MTL_ENABLE_DEBUG_INFO = NO;
				MTL_FAST_MATH = YES;
				SDKROOT = iphoneos;
				SWIFT_COMPILATION_MODE = wholemodule;
				VALIDATE_PRODUCT = YES;
			};
			name = Release;
		};
		BA109D7B2E946C3A00E0196E /* Debug */ = {
			isa = XCBuildConfiguration;
			buildSettings = {
				ASSETCATALOG_COMPILER_APPICON_NAME = AppIcon;
				ASSETCATALOG_COMPILER_GLOBAL_ACCENT_COLOR_NAME = AccentColor;
				CODE_SIGN_STYLE = Automatic;
				CURRENT_PROJECT_VERSION = 1;
				DEVELOPMENT_ASSET_PATHS = "\"Featur/Preview Content\"";
				DEVELOPMENT_TEAM = Z86968747M;
				ENABLE_PREVIEWS = YES;
				GENERATE_INFOPLIST_FILE = YES;
				INFOPLIST_KEY_LSApplicationCategoryType = "public.app-category.entertainment";
				INFOPLIST_KEY_UIApplicationSceneManifest_Generation = YES;
				INFOPLIST_KEY_UIApplicationSupportsIndirectInputEvents = YES;
				INFOPLIST_KEY_UILaunchScreen_Generation = YES;
				INFOPLIST_KEY_UISupportedInterfaceOrientations_iPad = "UIInterfaceOrientationPortrait UIInterfaceOrientationPortraitUpsideDown UIInterfaceOrientationLandscapeLeft UIInterfaceOrientationLandscapeRight";
				INFOPLIST_KEY_UISupportedInterfaceOrientations_iPhone = "UIInterfaceOrientationPortrait UIInterfaceOrientationLandscapeLeft UIInterfaceOrientationLandscapeRight";
				LD_RUNPATH_SEARCH_PATHS = (
					"$(inherited)",
					"@executable_path/Frameworks",
				);
				MARKETING_VERSION = 1.0;
				PRODUCT_BUNDLE_IDENTIFIER = "featur-app.Featur";
				PRODUCT_NAME = "$(TARGET_NAME)";
				SWIFT_EMIT_LOC_STRINGS = YES;
				SWIFT_VERSION = 5.0;
				TARGETED_DEVICE_FAMILY = "1,2";
			};
			name = Debug;
		};
		BA109D7C2E946C3A00E0196E /* Release */ = {
			isa = XCBuildConfiguration;
			buildSettings = {
				ASSETCATALOG_COMPILER_APPICON_NAME = AppIcon;
				ASSETCATALOG_COMPILER_GLOBAL_ACCENT_COLOR_NAME = AccentColor;
				CODE_SIGN_STYLE = Automatic;
				CURRENT_PROJECT_VERSION = 1;
				DEVELOPMENT_ASSET_PATHS = "\"Featur/Preview Content\"";
				DEVELOPMENT_TEAM = Z86968747M;
				ENABLE_PREVIEWS = YES;
				GENERATE_INFOPLIST_FILE = YES;
				INFOPLIST_KEY_LSApplicationCategoryType = "public.app-category.entertainment";
				INFOPLIST_KEY_UIApplicationSceneManifest_Generation = YES;
				INFOPLIST_KEY_UIApplicationSupportsIndirectInputEvents = YES;
				INFOPLIST_KEY_UILaunchScreen_Generation = YES;
				INFOPLIST_KEY_UISupportedInterfaceOrientations_iPad = "UIInterfaceOrientationPortrait UIInterfaceOrientationPortraitUpsideDown UIInterfaceOrientationLandscapeLeft UIInterfaceOrientationLandscapeRight";
				INFOPLIST_KEY_UISupportedInterfaceOrientations_iPhone = "UIInterfaceOrientationPortrait UIInterfaceOrientationLandscapeLeft UIInterfaceOrientationLandscapeRight";
				LD_RUNPATH_SEARCH_PATHS = (
					"$(inherited)",
					"@executable_path/Frameworks",
				);
				MARKETING_VERSION = 1.0;
				PRODUCT_BUNDLE_IDENTIFIER = "featur-app.Featur";
				PRODUCT_NAME = "$(TARGET_NAME)";
				SWIFT_EMIT_LOC_STRINGS = YES;
				SWIFT_VERSION = 5.0;
				TARGETED_DEVICE_FAMILY = "1,2";
			};
			name = Release;
		};
		BA109D7E2E946C3A00E0196E /* Debug */ = {
			isa = XCBuildConfiguration;
			buildSettings = {
				BUNDLE_LOADER = "$(TEST_HOST)";
				CODE_SIGN_STYLE = Automatic;
				CURRENT_PROJECT_VERSION = 1;
				DEVELOPMENT_TEAM = Z86968747M;
				GENERATE_INFOPLIST_FILE = YES;
				IPHONEOS_DEPLOYMENT_TARGET = 18.2;
				MARKETING_VERSION = 1.0;
				PRODUCT_BUNDLE_IDENTIFIER = "featur-app.FeaturTests";
				PRODUCT_NAME = "$(TARGET_NAME)";
				SWIFT_EMIT_LOC_STRINGS = NO;
				SWIFT_VERSION = 5.0;
				TARGETED_DEVICE_FAMILY = "1,2";
				TEST_HOST = "$(BUILT_PRODUCTS_DIR)/Featur.app/$(BUNDLE_EXECUTABLE_FOLDER_PATH)/Featur";
			};
			name = Debug;
		};
		BA109D7F2E946C3A00E0196E /* Release */ = {
			isa = XCBuildConfiguration;
			buildSettings = {
				BUNDLE_LOADER = "$(TEST_HOST)";
				CODE_SIGN_STYLE = Automatic;
				CURRENT_PROJECT_VERSION = 1;
				DEVELOPMENT_TEAM = Z86968747M;
				GENERATE_INFOPLIST_FILE = YES;
				IPHONEOS_DEPLOYMENT_TARGET = 18.2;
				MARKETING_VERSION = 1.0;
				PRODUCT_BUNDLE_IDENTIFIER = "featur-app.FeaturTests";
				PRODUCT_NAME = "$(TARGET_NAME)";
				SWIFT_EMIT_LOC_STRINGS = NO;
				SWIFT_VERSION = 5.0;
				TARGETED_DEVICE_FAMILY = "1,2";
				TEST_HOST = "$(BUILT_PRODUCTS_DIR)/Featur.app/$(BUNDLE_EXECUTABLE_FOLDER_PATH)/Featur";
			};
			name = Release;
		};
		BA109D812E946C3A00E0196E /* Debug */ = {
			isa = XCBuildConfiguration;
			buildSettings = {
				CODE_SIGN_STYLE = Automatic;
				CURRENT_PROJECT_VERSION = 1;
				DEVELOPMENT_TEAM = Z86968747M;
				GENERATE_INFOPLIST_FILE = YES;
				MARKETING_VERSION = 1.0;
				PRODUCT_BUNDLE_IDENTIFIER = "featur-app.FeaturUITests";
				PRODUCT_NAME = "$(TARGET_NAME)";
				SWIFT_EMIT_LOC_STRINGS = NO;
				SWIFT_VERSION = 5.0;
				TARGETED_DEVICE_FAMILY = "1,2";
				TEST_TARGET_NAME = Featur;
			};
			name = Debug;
		};
		BA109D822E946C3A00E0196E /* Release */ = {
			isa = XCBuildConfiguration;
			buildSettings = {
				CODE_SIGN_STYLE = Automatic;
				CURRENT_PROJECT_VERSION = 1;
				DEVELOPMENT_TEAM = Z86968747M;
				GENERATE_INFOPLIST_FILE = YES;
				MARKETING_VERSION = 1.0;
				PRODUCT_BUNDLE_IDENTIFIER = "featur-app.FeaturUITests";
				PRODUCT_NAME = "$(TARGET_NAME)";
				SWIFT_EMIT_LOC_STRINGS = NO;
				SWIFT_VERSION = 5.0;
				TARGETED_DEVICE_FAMILY = "1,2";
				TEST_TARGET_NAME = Featur;
			};
			name = Release;
		};
/* End XCBuildConfiguration section */

/* Begin XCConfigurationList section */
		BA109D512E946C3800E0196E /* Build configuration list for PBXProject "Featur" */ = {
			isa = XCConfigurationList;
			buildConfigurations = (
				BA109D782E946C3A00E0196E /* Debug */,
				BA109D792E946C3A00E0196E /* Release */,
			);
			defaultConfigurationIsVisible = 0;
			defaultConfigurationName = Release;
		};
		BA109D7A2E946C3A00E0196E /* Build configuration list for PBXNativeTarget "Featur" */ = {
			isa = XCConfigurationList;
			buildConfigurations = (
				BA109D7B2E946C3A00E0196E /* Debug */,
				BA109D7C2E946C3A00E0196E /* Release */,
			);
			defaultConfigurationIsVisible = 0;
			defaultConfigurationName = Release;
		};
		BA109D7D2E946C3A00E0196E /* Build configuration list for PBXNativeTarget "FeaturTests" */ = {
			isa = XCConfigurationList;
			buildConfigurations = (
				BA109D7E2E946C3A00E0196E /* Debug */,
				BA109D7F2E946C3A00E0196E /* Release */,
			);
			defaultConfigurationIsVisible = 0;
			defaultConfigurationName = Release;
		};
		BA109D802E946C3A00E0196E /* Build configuration list for PBXNativeTarget "FeaturUITests" */ = {
			isa = XCConfigurationList;
			buildConfigurations = (
				BA109D812E946C3A00E0196E /* Debug */,
				BA109D822E946C3A00E0196E /* Release */,
			);
			defaultConfigurationIsVisible = 0;
			defaultConfigurationName = Release;
		};
/* End XCConfigurationList section */

/* Begin XCRemoteSwiftPackageReference section */
		BA10A0B02E984F7F00E0196E /* XCRemoteSwiftPackageReference "firebase-ios-sdk" */ = {
			isa = XCRemoteSwiftPackageReference;
			repositoryURL = "https://github.com/firebase/firebase-ios-sdk.git";
			requirement = {
				kind = upToNextMajorVersion;
				minimumVersion = 12.4.0;
			};
		};
		BAD98B632E984FFF00C0D174 /* XCRemoteSwiftPackageReference "GoogleSignIn-iOS" */ = {
			isa = XCRemoteSwiftPackageReference;
			repositoryURL = "https://github.com/google/GoogleSignIn-iOS";
			requirement = {
				kind = upToNextMajorVersion;
				minimumVersion = 9.0.0;
			};
		};
/* End XCRemoteSwiftPackageReference section */

/* Begin XCSwiftPackageProductDependency section */
		BA10A0B12E984F7F00E0196E /* FirebaseAnalytics */ = {
			isa = XCSwiftPackageProductDependency;
			package = BA10A0B02E984F7F00E0196E /* XCRemoteSwiftPackageReference "firebase-ios-sdk" */;
			productName = FirebaseAnalytics;
		};
		BA10A0B32E984F7F00E0196E /* FirebaseAuth */ = {
			isa = XCSwiftPackageProductDependency;
			package = BA10A0B02E984F7F00E0196E /* XCRemoteSwiftPackageReference "firebase-ios-sdk" */;
			productName = FirebaseAuth;
		};
		BA10A0B92E984F7F00E0196E /* FirebaseCrashlytics */ = {
			isa = XCSwiftPackageProductDependency;
			package = BA10A0B02E984F7F00E0196E /* XCRemoteSwiftPackageReference "firebase-ios-sdk" */;
			productName = FirebaseCrashlytics;
		};
		BA10A0BB2E984F7F00E0196E /* FirebaseFirestore */ = {
			isa = XCSwiftPackageProductDependency;
			package = BA10A0B02E984F7F00E0196E /* XCRemoteSwiftPackageReference "firebase-ios-sdk" */;
			productName = FirebaseFirestore;
		};
		BA10A0BD2E984F7F00E0196E /* FirebaseRemoteConfig */ = {
			isa = XCSwiftPackageProductDependency;
			package = BA10A0B02E984F7F00E0196E /* XCRemoteSwiftPackageReference "firebase-ios-sdk" */;
			productName = FirebaseRemoteConfig;
		};
		BA10A0BF2E984F7F00E0196E /* FirebaseStorage */ = {
			isa = XCSwiftPackageProductDependency;
			package = BA10A0B02E984F7F00E0196E /* XCRemoteSwiftPackageReference "firebase-ios-sdk" */;
			productName = FirebaseStorage;
		};
		BAD98B642E984FFF00C0D174 /* GoogleSignIn */ = {
			isa = XCSwiftPackageProductDependency;
			package = BAD98B632E984FFF00C0D174 /* XCRemoteSwiftPackageReference "GoogleSignIn-iOS" */;
			productName = GoogleSignIn;
		};
/* End XCSwiftPackageProductDependency section */
	};
	rootObject = BA109D4E2E946C3800E0196E /* Project object */;
}
